<?xml version="1.0" encoding="utf-8"?>
<Project ToolsVersion="4.0" xmlns="http://schemas.microsoft.com/developer/msbuild/2003">
  <ItemGroup>
    <ClCompile Include="Script.cpp" />
    <ClCompile Include="DllMain.cpp" />
    <ClCompile Include="ScriptSettings.cpp" />
    <ClCompile Include="Config.cpp" />
    <ClCompile Include="Util\Paths.cpp">
      <Filter>Util</Filter>
    </ClCompile>
    <ClCompile Include="Util\Logger.cpp">
      <Filter>Util</Filter>
    </ClCompile>
    <ClCompile Include="StanceMenu.cpp" />
    <ClCompile Include="..\thirdparty\GTAVMenuBase\menu.cpp">
      <Filter>thirdparty\Menu</Filter>
    </ClCompile>
    <ClCompile Include="..\thirdparty\GTAVMenuBase\menucontrols.cpp">
      <Filter>thirdparty\Menu</Filter>
    </ClCompile>
    <ClCompile Include="..\thirdparty\GTAVMenuBase\menukeyboard.cpp">
      <Filter>thirdparty\Menu</Filter>
    </ClCompile>
    <ClCompile Include="..\thirdparty\GTAVMenuBase\menumemutils.cpp">
      <Filter>thirdparty\Menu</Filter>
    </ClCompile>
    <ClCompile Include="..\thirdparty\GTAVMenuBase\menusettings.cpp">
      <Filter>thirdparty\Menu</Filter>
    </ClCompile>
    <ClCompile Include="..\thirdparty\GTAVMenuBase\menuutils.cpp">
      <Filter>thirdparty\Menu</Filter>
    </ClCompile>
    <ClCompile Include="Util\UI.cpp">
      <Filter>Util</Filter>
    </ClCompile>
    <ClCompile Include="Memory\VehicleExtensions.cpp">
      <Filter>Memory</Filter>
    </ClCompile>
    <ClCompile Include="Memory\NativeMemory.cpp">
      <Filter>Memory</Filter>
    </ClCompile>
    <ClCompile Include="Util\FileVersion.cpp">
      <Filter>Util</Filter>
    </ClCompile>
    <ClCompile Include="StanceScript.cpp" />
    <ClCompile Include="SettingsCommon.cpp" />
    <ClCompile Include="Util\AddonSpawnerCache.cpp">
      <Filter>Util</Filter>
    </ClCompile>
    <ClCompile Include="Util\String.cpp">
      <Filter>Util</Filter>
    </ClCompile>
    <ClCompile Include="StanceMenuUtils.cpp" />
    <ClCompile Include="Util\ModTypeName.cpp">
      <Filter>Util</Filter>
    </ClCompile>
    <ClCompile Include="Patching\SuspensionPatch.cpp">
      <Filter>Suspension Patch</Filter>
    </ClCompile>
    <ClCompile Include="Patching\Hooking.cpp">
      <Filter>Suspension Patch</Filter>
    </ClCompile>
  </ItemGroup>
  <ItemGroup>
    <ClInclude Include="Script.hpp" />
    <ClInclude Include="ScriptSettings.hpp" />
    <ClInclude Include="Config.hpp" />
    <ClInclude Include="Util\Paths.hpp">
      <Filter>Util</Filter>
    </ClInclude>
    <ClInclude Include="Util\Logger.hpp">
      <Filter>Util</Filter>
    </ClInclude>
    <ClInclude Include="..\thirdparty\simpleini\SimpleIni.h">
      <Filter>thirdparty</Filter>
    </ClInclude>
    <ClInclude Include="..\thirdparty\ScriptHookV_SDK\inc\enums.h">
      <Filter>thirdparty\ScriptHookV</Filter>
    </ClInclude>
    <ClInclude Include="..\thirdparty\ScriptHookV_SDK\inc\main.h">
      <Filter>thirdparty\ScriptHookV</Filter>
    </ClInclude>
    <ClInclude Include="..\thirdparty\ScriptHookV_SDK\inc\nativeCaller.h">
      <Filter>thirdparty\ScriptHookV</Filter>
    </ClInclude>
    <ClInclude Include="..\thirdparty\ScriptHookV_SDK\inc\natives.h">
      <Filter>thirdparty\ScriptHookV</Filter>
    </ClInclude>
    <ClInclude Include="..\thirdparty\ScriptHookV_SDK\inc\types.h">
      <Filter>thirdparty\ScriptHookV</Filter>
    </ClInclude>
    <ClInclude Include="Util\UI.hpp">
      <Filter>Util</Filter>
    </ClInclude>
    <ClInclude Include="Memory\Offsets.hpp">
      <Filter>Memory</Filter>
    </ClInclude>
    <ClInclude Include="Memory\VehicleExtensions.hpp">
      <Filter>Memory</Filter>
    </ClInclude>
    <ClInclude Include="Memory\Versions.hpp">
      <Filter>Memory</Filter>
    </ClInclude>
    <ClInclude Include="Memory\NativeMemory.hpp">
      <Filter>Memory</Filter>
    </ClInclude>
    <ClInclude Include="Util\FileVersion.hpp">
      <Filter>Util</Filter>
    </ClInclude>
    <ClInclude Include="Util\Math.hpp">
      <Filter>Util</Filter>
    </ClInclude>
    <ClInclude Include="Constants.hpp" />
    <ClInclude Include="StanceScript.hpp" />
    <ClInclude Include="ScriptMenu.hpp" />
    <ClInclude Include="Memory\SuspensionOffsets.hpp">
      <Filter>Memory</Filter>
    </ClInclude>
    <ClInclude Include="Memory\SuspensionTypes.hpp">
      <Filter>Memory</Filter>
    </ClInclude>
    <ClInclude Include="SettingsCommon.hpp" />
    <ClInclude Include="Util\AddonSpawnerCache.hpp">
      <Filter>Util</Filter>
    </ClInclude>
    <ClInclude Include="Util\String.hpp">
      <Filter>Util</Filter>
    </ClInclude>
    <ClInclude Include="Memory\VehicleFlags.hpp">
      <Filter>Memory</Filter>
    </ClInclude>
    <ClInclude Include="Util\Game.hpp">
      <Filter>Util</Filter>
    </ClInclude>
    <ClInclude Include="StanceMenuUtils.hpp" />
    <ClInclude Include="Util\ModTypeName.hpp">
      <Filter>Util</Filter>
    </ClInclude>
    <ClInclude Include="Patching\Pattern.hpp">
      <Filter>Suspension Patch</Filter>
    </ClInclude>
    <ClInclude Include="Patching\SuspensionPatch.hpp">
      <Filter>Suspension Patch</Filter>
    </ClInclude>
    <ClInclude Include="Patching\Hooking.hpp">
      <Filter>Suspension Patch</Filter>
    </ClInclude>
  </ItemGroup>
  <ItemGroup>
    <Filter Include="Util">
      <UniqueIdentifier>{2d981cd8-6f7d-42dd-bf15-44aebcda936b}</UniqueIdentifier>
    </Filter>
    <Filter Include="Memory">
      <UniqueIdentifier>{63f5a275-c61b-49ce-b973-cc7398ab6768}</UniqueIdentifier>
    </Filter>
    <Filter Include="thirdparty">
      <UniqueIdentifier>{dc7b1612-ca12-4e55-a2fb-b3c530c8647c}</UniqueIdentifier>
    </Filter>
    <Filter Include="thirdparty\ScriptHookV">
      <UniqueIdentifier>{01012e73-37b7-4874-b66a-9390e9a83264}</UniqueIdentifier>
    </Filter>
    <Filter Include="thirdparty\Menu">
      <UniqueIdentifier>{26d64db9-1573-4132-9638-76079dc911c5}</UniqueIdentifier>
    </Filter>
    <Filter Include="Suspension Patch">
      <UniqueIdentifier>{52ac4d4e-86c8-4452-b365-88b616cfe066}</UniqueIdentifier>
    </Filter>
  </ItemGroup>
  <ItemGroup>
    <MASM Include="Patching\CompareHeight.asm">
      <Filter>Suspension Patch</Filter>
    </MASM>
  </ItemGroup>
</Project>