<?xml version="1.0" encoding="utf-8"?>
<Project ToolsVersion="4.0" xmlns="http://schemas.microsoft.com/developer/msbuild/2003">
  <ItemGroup>
    <ClCompile Include="script.cpp" />
    <ClCompile Include="main.cpp" />
    <ClCompile Include="keyboard.cpp" />
    <ClCompile Include="..\..\GTAVManualTransmission\Gears\Memory\VehicleExtensions.cpp">
      <Filter>External</Filter>
    </ClCompile>
    <ClCompile Include="..\..\GTAVManualTransmission\Gears\Memory\NativeMemory.cpp">
      <Filter>External</Filter>
    </ClCompile>
    <ClCompile Include="settings.cpp" />
    <ClCompile Include="presets.cpp" />
    <ClCompile Include="Util\Util.cpp">
      <Filter>Util</Filter>
    </ClCompile>
    <ClCompile Include="Util\Paths.cpp">
      <Filter>Util</Filter>
    </ClCompile>
    <ClCompile Include="Util\Logger.cpp">
      <Filter>Util</Filter>
    </ClCompile>
    <ClCompile Include="..\..\GTAVMenuBase\menu.cpp">
      <Filter>Menu</Filter>
    </ClCompile>
    <ClCompile Include="..\..\GTAVMenuBase\menucontrols.cpp">
      <Filter>Menu</Filter>
    </ClCompile>
    <ClCompile Include="..\..\GTAVMenuBase\menukeyboard.cpp">
      <Filter>Menu</Filter>
    </ClCompile>
    <ClCompile Include="..\thirdparty\tinyxml2\tinyxml2.cpp">
      <Filter>Thirdparty</Filter>
    </ClCompile>
    <ClCompile Include="Patching\Hooking.cpp">
      <Filter>Patching</Filter>
    </ClCompile>
    <ClCompile Include="..\..\GTAVMenuBase\menusettings.cpp">
      <Filter>Menu</Filter>
    </ClCompile>
    <ClCompile Include="..\..\GTAVMenuBase\menuutils.cpp">
      <Filter>Menu</Filter>
    </ClCompile>
    <ClCompile Include="Util\MathExt.cpp">
      <Filter>Util</Filter>
    </ClCompile>
    <ClCompile Include="ScriptMenu.cpp" />
    <ClCompile Include="Patching\Patching.cpp">
      <Filter>Patching</Filter>
    </ClCompile>
  </ItemGroup>
  <ItemGroup>
    <ClInclude Include="script.h" />
    <ClInclude Include="..\..\ScriptHookV_SDK\inc\enums.h">
      <Filter>SDK</Filter>
    </ClInclude>
    <ClInclude Include="..\..\ScriptHookV_SDK\inc\main.h">
      <Filter>SDK</Filter>
    </ClInclude>
    <ClInclude Include="..\..\ScriptHookV_SDK\inc\natives.h">
      <Filter>SDK</Filter>
    </ClInclude>
    <ClInclude Include="..\..\ScriptHookV_SDK\inc\types.h">
      <Filter>SDK</Filter>
    </ClInclude>
    <ClInclude Include="keyboard.h" />
    <ClInclude Include="..\..\GTAVManualTransmission\Gears\Memory\VehicleExtensions.hpp">
      <Filter>External</Filter>
    </ClInclude>
    <ClInclude Include="..\..\GTAVManualTransmission\Gears\Memory\NativeMemory.hpp">
      <Filter>External</Filter>
    </ClInclude>
    <ClInclude Include="settings.h" />
    <ClInclude Include="presets.h" />
    <ClInclude Include="Util\Util.hpp">
      <Filter>Util</Filter>
    </ClInclude>
    <ClInclude Include="Util\Paths.h">
      <Filter>Util</Filter>
    </ClInclude>
    <ClInclude Include="Util\Versions.h">
      <Filter>Util</Filter>
    </ClInclude>
    <ClInclude Include="Util\Logger.hpp">
      <Filter>Util</Filter>
    </ClInclude>
    <ClInclude Include="..\..\GTAVMenuBase\menu.h">
      <Filter>Menu</Filter>
    </ClInclude>
    <ClInclude Include="..\..\GTAVMenuBase\menucontrols.h">
      <Filter>Menu</Filter>
    </ClInclude>
    <ClInclude Include="..\..\GTAVMenuBase\menukeyboard.h">
      <Filter>Menu</Filter>
    </ClInclude>
    <ClInclude Include="..\thirdparty\tinyxml2\tinyxml2.h">
      <Filter>Thirdparty</Filter>
    </ClInclude>
    <ClInclude Include="..\thirdparty\simpleini\SimpleIni.h">
      <Filter>Thirdparty</Filter>
    </ClInclude>
    <ClInclude Include="Patching\Hooking.h">
      <Filter>Patching</Filter>
    </ClInclude>
    <ClInclude Include="Patching\pattern.h">
      <Filter>Patching</Filter>
    </ClInclude>
    <ClInclude Include="Types.h" />
    <ClInclude Include="..\..\GTAVManualTransmission\Gears\Memory\Offsets.hpp">
      <Filter>External</Filter>
    </ClInclude>
    <ClInclude Include="..\..\GTAVMenuBase\menusettings.h">
      <Filter>Menu</Filter>
    </ClInclude>
    <ClInclude Include="..\..\GTAVMenuBase\menuutils.h">
      <Filter>Menu</Filter>
    </ClInclude>
    <ClInclude Include="Util\MathExt.h">
      <Filter>Util</Filter>
    </ClInclude>
    <ClInclude Include="Offsets.h" />
    <ClInclude Include="Patching\Patching.h">
      <Filter>Patching</Filter>
    </ClInclude>
  </ItemGroup>
  <ItemGroup>
    <Filter Include="Menu">
      <UniqueIdentifier>{26d64db9-1573-4132-9638-76079dc911c5}</UniqueIdentifier>
    </Filter>
    <Filter Include="Util">
      <UniqueIdentifier>{2d981cd8-6f7d-42dd-bf15-44aebcda936b}</UniqueIdentifier>
    </Filter>
    <Filter Include="SDK">
      <UniqueIdentifier>{01012e73-37b7-4874-b66a-9390e9a83264}</UniqueIdentifier>
    </Filter>
    <Filter Include="External">
      <UniqueIdentifier>{0897514a-2851-4abe-8806-a5b81136a863}</UniqueIdentifier>
    </Filter>
    <Filter Include="Thirdparty">
      <UniqueIdentifier>{dc7b1612-ca12-4e55-a2fb-b3c530c8647c}</UniqueIdentifier>
    </Filter>
    <Filter Include="Patching">
      <UniqueIdentifier>{32ac8206-74e8-4562-a961-d7ff3bb5c080}</UniqueIdentifier>
    </Filter>
  </ItemGroup>
  <ItemGroup>
    <MASM Include="Patching\compareHeight.asm">
      <Filter>Patching</Filter>
    </MASM>
    <MASM Include="Patching\original_thing.asm">
      <Filter>Patching</Filter>
    </MASM>
    <MASM Include="Patching\compareHeight1604.asm">
      <Filter>Patching</Filter>
    </MASM>
  </ItemGroup>
</Project>